
Microsoft Visual Studio Solution File, Format Version 12.00
# Visual Studio Version 16
VisualStudioVersion = 16.0.30204.135
MinimumVisualStudioVersion = 10.0.40219.1
Project("{FAE04EC0-301F-11D3-BF4B-00C04F79EFBC}") = "NETFLIX", "NETFLIX\NETFLIX.csproj", "{F5E34D5C-6DBE-44E7-8BD0-5F99E6A08D2A}"
EndProject
Global
	GlobalSection(SolutionConfigurationPlatforms) = preSolution
		Debug|Any CPU = Debug|Any CPU
		Release|Any CPU = Release|Any CPU
	EndGlobalSection
	GlobalSection(ProjectConfigurationPlatforms) = postSolution
		{F5E34D5C-6DBE-44E7-8BD0-5F99E6A08D2A}.Debug|Any CPU.ActiveCfg = Debug|Any CPU
		{F5E34D5C-6DBE-44E7-8BD0-5F99E6A08D2A}.Debug|Any CPU.Build.0 = Debug|Any CPU
		{F5E34D5C-6DBE-44E7-8BD0-5F99E6A08D2A}.Release|Any CPU.ActiveCfg = Release|Any CPU
		{F5E34D5C-6DBE-44E7-8BD0-5F99E6A08D2A}.Release|Any CPU.Build.0 = Release|Any CPU
	EndGlobalSection
	GlobalSection(SolutionProperties) = preSolution
		HideSolutionNode = FALSE
	EndGlobalSection
	GlobalSection(ExtensibilityGlobals) = postSolution
		SolutionGuid = {B5F944A0-F28C-46D1-8D3E-0333E798C530}
	EndGlobalSection
EndGlobal
